
Microsoft Visual Studio Solution File, Format Version 12.00
# Visual Studio Version 17
VisualStudioVersion = 17.10.35013.160
MinimumVisualStudioVersion = 10.0.40219.1
Project("{9A19103F-16F7-4668-BE54-9A1E7A4F7556}") = "Domain", "Domain\Domain.csproj", "{4EDCF537-23E6-45F1-8FF4-FA13AF602AA1}"
EndProject
Project("{9A19103F-16F7-4668-BE54-9A1E7A4F7556}") = "Api", "Api\Api.csproj", "{80D11B4A-7DC9-41AD-9FD1-119D0D857FB5}"
	ProjectSection(ProjectDependencies) = postProject
		{90965032-C145-4776-9475-B6002F71DF50} = {90965032-C145-4776-9475-B6002F71DF50}
	EndProjectSection
EndProject
Project("{9A19103F-16F7-4668-BE54-9A1E7A4F7556}") = "Application", "Application\Application.csproj", "{FA543D97-3CD6-484B-BDD5-5D1EBC1460D4}"
EndProject
Project("{9A19103F-16F7-4668-BE54-9A1E7A4F7556}") = "Abstractions", "Abstractions\Abstractions.csproj", "{90965032-C145-4776-9475-B6002F71DF50}"
EndProject
Project("{9A19103F-16F7-4668-BE54-9A1E7A4F7556}") = "Infrastructure", "Infrastructure\Infrastructure.csproj", "{06E6D081-F1C8-435E-8020-99D6DB21465B}"
	ProjectSection(ProjectDependencies) = postProject
		{90965032-C145-4776-9475-B6002F71DF50} = {90965032-C145-4776-9475-B6002F71DF50}
	EndProjectSection
EndProject
Global
	GlobalSection(SolutionConfigurationPlatforms) = preSolution
		Debug|Any CPU = Debug|Any CPU
		Release|Any CPU = Release|Any CPU
	EndGlobalSection
	GlobalSection(ProjectConfigurationPlatforms) = postSolution
		{4EDCF537-23E6-45F1-8FF4-FA13AF602AA1}.Debug|Any CPU.ActiveCfg = Debug|Any CPU
		{4EDCF537-23E6-45F1-8FF4-FA13AF602AA1}.Debug|Any CPU.Build.0 = Debug|Any CPU
		{4EDCF537-23E6-45F1-8FF4-FA13AF602AA1}.Release|Any CPU.ActiveCfg = Release|Any CPU
		{4EDCF537-23E6-45F1-8FF4-FA13AF602AA1}.Release|Any CPU.Build.0 = Release|Any CPU
		{80D11B4A-7DC9-41AD-9FD1-119D0D857FB5}.Debug|Any CPU.ActiveCfg = Debug|Any CPU
		{80D11B4A-7DC9-41AD-9FD1-119D0D857FB5}.Debug|Any CPU.Build.0 = Debug|Any CPU
		{80D11B4A-7DC9-41AD-9FD1-119D0D857FB5}.Release|Any CPU.ActiveCfg = Release|Any CPU
		{80D11B4A-7DC9-41AD-9FD1-119D0D857FB5}.Release|Any CPU.Build.0 = Release|Any CPU
		{FA543D97-3CD6-484B-BDD5-5D1EBC1460D4}.Debug|Any CPU.ActiveCfg = Debug|Any CPU
		{FA543D97-3CD6-484B-BDD5-5D1EBC1460D4}.Debug|Any CPU.Build.0 = Debug|Any CPU
		{FA543D97-3CD6-484B-BDD5-5D1EBC1460D4}.Release|Any CPU.ActiveCfg = Release|Any CPU
		{FA543D97-3CD6-484B-BDD5-5D1EBC1460D4}.Release|Any CPU.Build.0 = Release|Any CPU
		{90965032-C145-4776-9475-B6002F71DF50}.Debug|Any CPU.ActiveCfg = Debug|Any CPU
		{90965032-C145-4776-9475-B6002F71DF50}.Debug|Any CPU.Build.0 = Debug|Any CPU
		{90965032-C145-4776-9475-B6002F71DF50}.Release|Any CPU.ActiveCfg = Release|Any CPU
		{90965032-C145-4776-9475-B6002F71DF50}.Release|Any CPU.Build.0 = Release|Any CPU
		{06E6D081-F1C8-435E-8020-99D6DB21465B}.Debug|Any CPU.ActiveCfg = Debug|Any CPU
		{06E6D081-F1C8-435E-8020-99D6DB21465B}.Debug|Any CPU.Build.0 = Debug|Any CPU
		{06E6D081-F1C8-435E-8020-99D6DB21465B}.Release|Any CPU.ActiveCfg = Release|Any CPU
		{06E6D081-F1C8-435E-8020-99D6DB21465B}.Release|Any CPU.Build.0 = Release|Any CPU
	EndGlobalSection
	GlobalSection(SolutionProperties) = preSolution
		HideSolutionNode = FALSE
	EndGlobalSection
	GlobalSection(ExtensibilityGlobals) = postSolution
		SolutionGuid = {889B8DB1-24F4-4ACB-9418-F3748659EE2E}
	EndGlobalSection
EndGlobal
